
Microsoft Visual Studio Solution File, Format Version 12.00
# Visual Studio Version 17
VisualStudioVersion = 17.3.32825.248
MinimumVisualStudioVersion = 10.0.40219.1
Project("{FAE04EC0-301F-11D3-BF4B-00C04F79EFBC}") = "Ejercicio 1", "Casilla.Poo\Ejercicio 1.csproj", "{CD8415AC-2E62-446B-8AE2-7642282E44FA}"
EndProject
Project("{FAE04EC0-301F-11D3-BF4B-00C04F79EFBC}") = "Ejercicio 2", "Ejercicio 2\Ejercicio 2\Ejercicio 2.csproj", "{C7269E45-C3A4-4C9E-92D0-E123D7381369}"
EndProject
Project("{FAE04EC0-301F-11D3-BF4B-00C04F79EFBC}") = "Ejercicio 3", "Ejercicio 3\Ejercicio 3.csproj", "{961CF180-35D2-41C7-8CFA-8F41A3294C19}"
EndProject
Project("{FAE04EC0-301F-11D3-BF4B-00C04F79EFBC}") = "Ejercicio 4", "Ejercicio 4\Ejercicio 4.csproj", "{8B467661-CC51-49F1-9BC8-3E28E06D88E7}"
EndProject
Project("{FAE04EC0-301F-11D3-BF4B-00C04F79EFBC}") = "Ejercicio 5", "Ejercicio 5\Ejercicio 5.csproj", "{3A6867C3-6302-4F3B-999D-C26784532881}"
EndProject
Project("{FAE04EC0-301F-11D3-BF4B-00C04F79EFBC}") = "Ejercicio 6", "Ejercicio 6\Ejercicio 6.csproj", "{54BDE955-1539-4343-8849-7D96DD974F5A}"
EndProject
Project("{FAE04EC0-301F-11D3-BF4B-00C04F79EFBC}") = "Ejercicio 7", "Ejercicio 7\Ejercicio 7.csproj", "{3CE3CE67-CDAD-4706-9A5D-7138A3935E4D}"
EndProject
Project("{FAE04EC0-301F-11D3-BF4B-00C04F79EFBC}") = "Ejercicio 8", "Ejercicio 8\Ejercicio 8.csproj", "{84CC4FC7-38C2-484A-89CC-151F4AEBB049}"
EndProject
Project("{FAE04EC0-301F-11D3-BF4B-00C04F79EFBC}") = "Ejercicio 9", "Ejercicio 9\Ejercicio 9.csproj", "{8696EEDC-B79F-4E13-9829-72AE88922295}"
EndProject
Project("{FAE04EC0-301F-11D3-BF4B-00C04F79EFBC}") = "Ejercicio 10", "Ejercicio 10\Ejercicio 10.csproj", "{B6FB3BB0-66CF-4A74-8714-34637138524F}"
EndProject
Project("{FAE04EC0-301F-11D3-BF4B-00C04F79EFBC}") = "Ejercicio 11", "Ejercicio 11\Ejercicio 11.csproj", "{95FAB601-E621-4C8B-939A-79E136F83766}"
EndProject
Project("{FAE04EC0-301F-11D3-BF4B-00C04F79EFBC}") = "Ejercicio 12", "Ejercicio 12\Ejercicio 12.csproj", "{28A92F4C-312F-44B2-89EA-4FC91C5C11D4}"
EndProject
Project("{FAE04EC0-301F-11D3-BF4B-00C04F79EFBC}") = "Ejercicio 13", "Ejercicio 13\Ejercicio 13.csproj", "{0285CE48-1F61-4357-B156-77040015263D}"
EndProject
Project("{FAE04EC0-301F-11D3-BF4B-00C04F79EFBC}") = "Ejercicio 14", "Ejercicio 14\Ejercicio 14.csproj", "{3B942788-A185-4EAC-AF41-E9C5F3F53C2D}"
EndProject
Project("{FAE04EC0-301F-11D3-BF4B-00C04F79EFBC}") = "Ejercicio 15", "Ejercicio 15\Ejercicio 15.csproj", "{7C2A9740-AA5B-4D61-B167-9080E392BB5A}"
EndProject
Global
	GlobalSection(SolutionConfigurationPlatforms) = preSolution
		Debug|Any CPU = Debug|Any CPU
		Release|Any CPU = Release|Any CPU
	EndGlobalSection
	GlobalSection(ProjectConfigurationPlatforms) = postSolution
		{CD8415AC-2E62-446B-8AE2-7642282E44FA}.Debug|Any CPU.ActiveCfg = Debug|Any CPU
		{CD8415AC-2E62-446B-8AE2-7642282E44FA}.Debug|Any CPU.Build.0 = Debug|Any CPU
		{CD8415AC-2E62-446B-8AE2-7642282E44FA}.Release|Any CPU.ActiveCfg = Release|Any CPU
		{CD8415AC-2E62-446B-8AE2-7642282E44FA}.Release|Any CPU.Build.0 = Release|Any CPU
		{C7269E45-C3A4-4C9E-92D0-E123D7381369}.Debug|Any CPU.ActiveCfg = Debug|Any CPU
		{C7269E45-C3A4-4C9E-92D0-E123D7381369}.Debug|Any CPU.Build.0 = Debug|Any CPU
		{C7269E45-C3A4-4C9E-92D0-E123D7381369}.Release|Any CPU.ActiveCfg = Release|Any CPU
		{C7269E45-C3A4-4C9E-92D0-E123D7381369}.Release|Any CPU.Build.0 = Release|Any CPU
		{961CF180-35D2-41C7-8CFA-8F41A3294C19}.Debug|Any CPU.ActiveCfg = Debug|Any CPU
		{961CF180-35D2-41C7-8CFA-8F41A3294C19}.Debug|Any CPU.Build.0 = Debug|Any CPU
		{961CF180-35D2-41C7-8CFA-8F41A3294C19}.Release|Any CPU.ActiveCfg = Release|Any CPU
		{961CF180-35D2-41C7-8CFA-8F41A3294C19}.Release|Any CPU.Build.0 = Release|Any CPU
		{8B467661-CC51-49F1-9BC8-3E28E06D88E7}.Debug|Any CPU.ActiveCfg = Debug|Any CPU
		{8B467661-CC51-49F1-9BC8-3E28E06D88E7}.Debug|Any CPU.Build.0 = Debug|Any CPU
		{8B467661-CC51-49F1-9BC8-3E28E06D88E7}.Release|Any CPU.ActiveCfg = Release|Any CPU
		{8B467661-CC51-49F1-9BC8-3E28E06D88E7}.Release|Any CPU.Build.0 = Release|Any CPU
		{3A6867C3-6302-4F3B-999D-C26784532881}.Debug|Any CPU.ActiveCfg = Debug|Any CPU
		{3A6867C3-6302-4F3B-999D-C26784532881}.Debug|Any CPU.Build.0 = Debug|Any CPU
		{3A6867C3-6302-4F3B-999D-C26784532881}.Release|Any CPU.ActiveCfg = Release|Any CPU
		{3A6867C3-6302-4F3B-999D-C26784532881}.Release|Any CPU.Build.0 = Release|Any CPU
		{54BDE955-1539-4343-8849-7D96DD974F5A}.Debug|Any CPU.ActiveCfg = Debug|Any CPU
		{54BDE955-1539-4343-8849-7D96DD974F5A}.Debug|Any CPU.Build.0 = Debug|Any CPU
		{54BDE955-1539-4343-8849-7D96DD974F5A}.Release|Any CPU.ActiveCfg = Release|Any CPU
		{54BDE955-1539-4343-8849-7D96DD974F5A}.Release|Any CPU.Build.0 = Release|Any CPU
		{3CE3CE67-CDAD-4706-9A5D-7138A3935E4D}.Debug|Any CPU.ActiveCfg = Debug|Any CPU
		{3CE3CE67-CDAD-4706-9A5D-7138A3935E4D}.Debug|Any CPU.Build.0 = Debug|Any CPU
		{3CE3CE67-CDAD-4706-9A5D-7138A3935E4D}.Release|Any CPU.ActiveCfg = Release|Any CPU
		{3CE3CE67-CDAD-4706-9A5D-7138A3935E4D}.Release|Any CPU.Build.0 = Release|Any CPU
		{84CC4FC7-38C2-484A-89CC-151F4AEBB049}.Debug|Any CPU.ActiveCfg = Debug|Any CPU
		{84CC4FC7-38C2-484A-89CC-151F4AEBB049}.Debug|Any CPU.Build.0 = Debug|Any CPU
		{84CC4FC7-38C2-484A-89CC-151F4AEBB049}.Release|Any CPU.ActiveCfg = Release|Any CPU
		{84CC4FC7-38C2-484A-89CC-151F4AEBB049}.Release|Any CPU.Build.0 = Release|Any CPU
		{8696EEDC-B79F-4E13-9829-72AE88922295}.Debug|Any CPU.ActiveCfg = Debug|Any CPU
		{8696EEDC-B79F-4E13-9829-72AE88922295}.Debug|Any CPU.Build.0 = Debug|Any CPU
		{8696EEDC-B79F-4E13-9829-72AE88922295}.Release|Any CPU.ActiveCfg = Release|Any CPU
		{8696EEDC-B79F-4E13-9829-72AE88922295}.Release|Any CPU.Build.0 = Release|Any CPU
		{B6FB3BB0-66CF-4A74-8714-34637138524F}.Debug|Any CPU.ActiveCfg = Debug|Any CPU
		{B6FB3BB0-66CF-4A74-8714-34637138524F}.Debug|Any CPU.Build.0 = Debug|Any CPU
		{B6FB3BB0-66CF-4A74-8714-34637138524F}.Release|Any CPU.ActiveCfg = Release|Any CPU
		{B6FB3BB0-66CF-4A74-8714-34637138524F}.Release|Any CPU.Build.0 = Release|Any CPU
		{95FAB601-E621-4C8B-939A-79E136F83766}.Debug|Any CPU.ActiveCfg = Debug|Any CPU
		{95FAB601-E621-4C8B-939A-79E136F83766}.Debug|Any CPU.Build.0 = Debug|Any CPU
		{95FAB601-E621-4C8B-939A-79E136F83766}.Release|Any CPU.ActiveCfg = Release|Any CPU
		{95FAB601-E621-4C8B-939A-79E136F83766}.Release|Any CPU.Build.0 = Release|Any CPU
		{28A92F4C-312F-44B2-89EA-4FC91C5C11D4}.Debug|Any CPU.ActiveCfg = Debug|Any CPU
		{28A92F4C-312F-44B2-89EA-4FC91C5C11D4}.Debug|Any CPU.Build.0 = Debug|Any CPU
		{28A92F4C-312F-44B2-89EA-4FC91C5C11D4}.Release|Any CPU.ActiveCfg = Release|Any CPU
		{28A92F4C-312F-44B2-89EA-4FC91C5C11D4}.Release|Any CPU.Build.0 = Release|Any CPU
		{0285CE48-1F61-4357-B156-77040015263D}.Debug|Any CPU.ActiveCfg = Debug|Any CPU
		{0285CE48-1F61-4357-B156-77040015263D}.Debug|Any CPU.Build.0 = Debug|Any CPU
		{0285CE48-1F61-4357-B156-77040015263D}.Release|Any CPU.ActiveCfg = Release|Any CPU
		{0285CE48-1F61-4357-B156-77040015263D}.Release|Any CPU.Build.0 = Release|Any CPU
		{3B942788-A185-4EAC-AF41-E9C5F3F53C2D}.Debug|Any CPU.ActiveCfg = Debug|Any CPU
		{3B942788-A185-4EAC-AF41-E9C5F3F53C2D}.Debug|Any CPU.Build.0 = Debug|Any CPU
		{3B942788-A185-4EAC-AF41-E9C5F3F53C2D}.Release|Any CPU.ActiveCfg = Release|Any CPU
		{3B942788-A185-4EAC-AF41-E9C5F3F53C2D}.Release|Any CPU.Build.0 = Release|Any CPU
		{7C2A9740-AA5B-4D61-B167-9080E392BB5A}.Debug|Any CPU.ActiveCfg = Debug|Any CPU
		{7C2A9740-AA5B-4D61-B167-9080E392BB5A}.Debug|Any CPU.Build.0 = Debug|Any CPU
		{7C2A9740-AA5B-4D61-B167-9080E392BB5A}.Release|Any CPU.ActiveCfg = Release|Any CPU
		{7C2A9740-AA5B-4D61-B167-9080E392BB5A}.Release|Any CPU.Build.0 = Release|Any CPU
	EndGlobalSection
	GlobalSection(SolutionProperties) = preSolution
		HideSolutionNode = FALSE
	EndGlobalSection
	GlobalSection(ExtensibilityGlobals) = postSolution
		SolutionGuid = {16828C56-2BF2-465E-890F-D8360E0B4DA6}
	EndGlobalSection
EndGlobal
