
Microsoft Visual Studio Solution File, Format Version 12.00
# Visual Studio Version 17
VisualStudioVersion = 17.1.32421.90
MinimumVisualStudioVersion = 10.0.40219.1
Project("{FAE04EC0-301F-11D3-BF4B-00C04F79EFBC}") = "Casilla456", "Casilla456\Casilla456.csproj", "{518097E6-95E9-473B-A3C7-585287BDCB20}"
EndProject
Global
	GlobalSection(SolutionConfigurationPlatforms) = preSolution
		Debug|Any CPU = Debug|Any CPU
		Release|Any CPU = Release|Any CPU
	EndGlobalSection
	GlobalSection(ProjectConfigurationPlatforms) = postSolution
		{518097E6-95E9-473B-A3C7-585287BDCB20}.Debug|Any CPU.ActiveCfg = Debug|Any CPU
		{518097E6-95E9-473B-A3C7-585287BDCB20}.Debug|Any CPU.Build.0 = Debug|Any CPU
		{518097E6-95E9-473B-A3C7-585287BDCB20}.Release|Any CPU.ActiveCfg = Release|Any CPU
		{518097E6-95E9-473B-A3C7-585287BDCB20}.Release|Any CPU.Build.0 = Release|Any CPU
	EndGlobalSection
	GlobalSection(SolutionProperties) = preSolution
		HideSolutionNode = FALSE
	EndGlobalSection
	GlobalSection(ExtensibilityGlobals) = postSolution
		SolutionGuid = {8B59CDE6-DC78-478C-8F69-310043DF5AC2}
	EndGlobalSection
EndGlobal
